
Microsoft Visual Studio Solution File, Format Version 12.00
# Visual Studio Version 16
VisualStudioVersion = 16.0.31313.79
MinimumVisualStudioVersion = 10.0.40219.1
Project("{FAE04EC0-301F-11D3-BF4B-00C04F79EFBC}") = "WebApplication1", "WebApplication1\WebApplication1.csproj", "{636952A1-3E7C-4960-9F54-BA606DC2CB39}"
EndProject
Global
	GlobalSection(SolutionConfigurationPlatforms) = preSolution
		Debug|Any CPU = Debug|Any CPU
		Release|Any CPU = Release|Any CPU
	EndGlobalSection
	GlobalSection(ProjectConfigurationPlatforms) = postSolution
		{636952A1-3E7C-4960-9F54-BA606DC2CB39}.Debug|Any CPU.ActiveCfg = Debug|Any CPU
		{636952A1-3E7C-4960-9F54-BA606DC2CB39}.Debug|Any CPU.Build.0 = Debug|Any CPU
		{636952A1-3E7C-4960-9F54-BA606DC2CB39}.Release|Any CPU.ActiveCfg = Release|Any CPU
		{636952A1-3E7C-4960-9F54-BA606DC2CB39}.Release|Any CPU.Build.0 = Release|Any CPU
	EndGlobalSection
	GlobalSection(SolutionProperties) = preSolution
		HideSolutionNode = FALSE
	EndGlobalSection
	GlobalSection(ExtensibilityGlobals) = postSolution
		SolutionGuid = {D9B68103-467E-45EB-BDFD-B3F8FB9E01B1}
	EndGlobalSection
EndGlobal
